
Microsoft Visual Studio Solution File, Format Version 12.00
# Visual Studio Version 16
VisualStudioVersion = 16.0.30114.105
MinimumVisualStudioVersion = 10.0.40219.1
Project("{FAE04EC0-301F-11D3-BF4B-00C04F79EFBC}") = "Hellowordl.web", "Hellowordl.web\Hellowordl.web.csproj", "{AF510287-1F51-4AB0-B52B-924C65F13ECC}"
EndProject
Global
	GlobalSection(SolutionConfigurationPlatforms) = preSolution
		Debug|Any CPU = Debug|Any CPU
		Release|Any CPU = Release|Any CPU
	EndGlobalSection
	GlobalSection(SolutionProperties) = preSolution
		HideSolutionNode = FALSE
	EndGlobalSection
	GlobalSection(ProjectConfigurationPlatforms) = postSolution
		{AF510287-1F51-4AB0-B52B-924C65F13ECC}.Debug|Any CPU.ActiveCfg = Debug|Any CPU
		{AF510287-1F51-4AB0-B52B-924C65F13ECC}.Debug|Any CPU.Build.0 = Debug|Any CPU
		{AF510287-1F51-4AB0-B52B-924C65F13ECC}.Release|Any CPU.ActiveCfg = Release|Any CPU
		{AF510287-1F51-4AB0-B52B-924C65F13ECC}.Release|Any CPU.Build.0 = Release|Any CPU
	EndGlobalSection
EndGlobal
